
Microsoft Visual Studio Solution File, Format Version 12.00
# Visual Studio 15
VisualStudioVersion = 15.0.28010.2026
MinimumVisualStudioVersion = 10.0.40219.1
Project("{FAE04EC0-301F-11D3-BF4B-00C04F79EFBC}") = "ModelValidation", "ModelValidation\ModelValidation.csproj", "{3F3D6338-583F-4AA8-A77A-E86708E17739}"
EndProject
Global
	GlobalSection(SolutionConfigurationPlatforms) = preSolution
		Debug|Any CPU = Debug|Any CPU
		Release|Any CPU = Release|Any CPU
	EndGlobalSection
	GlobalSection(ProjectConfigurationPlatforms) = postSolution
		{3F3D6338-583F-4AA8-A77A-E86708E17739}.Debug|Any CPU.ActiveCfg = Debug|Any CPU
		{3F3D6338-583F-4AA8-A77A-E86708E17739}.Debug|Any CPU.Build.0 = Debug|Any CPU
		{3F3D6338-583F-4AA8-A77A-E86708E17739}.Release|Any CPU.ActiveCfg = Release|Any CPU
		{3F3D6338-583F-4AA8-A77A-E86708E17739}.Release|Any CPU.Build.0 = Release|Any CPU
	EndGlobalSection
	GlobalSection(SolutionProperties) = preSolution
		HideSolutionNode = FALSE
	EndGlobalSection
	GlobalSection(ExtensibilityGlobals) = postSolution
		SolutionGuid = {10EDEA82-FA32-4AC8-A22C-ED15CA8BFC46}
	EndGlobalSection
EndGlobal
